// !$*UTF8*$!
{
	archiveVersion = 1;
	classes = {
	};
	objectVersion = 56;
	objects = {

/* Begin PBXBuildFile section */
		A114E0582BBB6F2C00DEA716 /* Silme.swift in Sources */ = {isa = PBXBuildFile; fileRef = A114E0572BBB6F2C00DEA716 /* Silme.swift */; };
		A114E05B2BBB70C100DEA716 /* DirectionalMovement.swift in Sources */ = {isa = PBXBuildFile; fileRef = A114E05A2BBB70C100DEA716 /* DirectionalMovement.swift */; };
		A114E05D2BBB9EE800DEA716 /* GameManager.swift in Sources */ = {isa = PBXBuildFile; fileRef = A114E05C2BBB9EE800DEA716 /* GameManager.swift */; };
		A114E0612BBBA58100DEA716 /* Logger.swift in Sources */ = {isa = PBXBuildFile; fileRef = A114E0602BBBA58100DEA716 /* Logger.swift */; };
		A134E8C52BB283C20027EB09 /* BarrelGameApp.swift in Sources */ = {isa = PBXBuildFile; fileRef = A134E8C42BB283C20027EB09 /* BarrelGameApp.swift */; };
		A134E8C72BB283C20027EB09 /* ContentView.swift in Sources */ = {isa = PBXBuildFile; fileRef = A134E8C62BB283C20027EB09 /* ContentView.swift */; };
		A134E8C92BB283C30027EB09 /* Assets.xcassets in Resources */ = {isa = PBXBuildFile; fileRef = A134E8C82BB283C30027EB09 /* Assets.xcassets */; };
		A134E8CC2BB283C30027EB09 /* Preview Assets.xcassets in Resources */ = {isa = PBXBuildFile; fileRef = A134E8CB2BB283C30027EB09 /* Preview Assets.xcassets */; };
		A134E8D72BB29EA60027EB09 /* Board.swift in Sources */ = {isa = PBXBuildFile; fileRef = A134E8D62BB29EA60027EB09 /* Board.swift */; };
		A134E8D92BB780DD0027EB09 /* Tile.swift in Sources */ = {isa = PBXBuildFile; fileRef = A134E8D82BB780DD0027EB09 /* Tile.swift */; };
		A14C5EED2BB8D368007C39F4 /* BoardError.swift in Sources */ = {isa = PBXBuildFile; fileRef = A14C5EEC2BB8D368007C39F4 /* BoardError.swift */; };
		A14C5EEF2BB90729007C39F4 /* SlimeGameScene.swift in Sources */ = {isa = PBXBuildFile; fileRef = A14C5EEE2BB90729007C39F4 /* SlimeGameScene.swift */; };
		A14C5EF22BB916A5007C39F4 /* SKSpriteNode.swift in Sources */ = {isa = PBXBuildFile; fileRef = A14C5EF12BB916A5007C39F4 /* SKSpriteNode.swift */; };
		A18DBA9E2BBCCE2E00AE2C94 /* GameState.swift in Sources */ = {isa = PBXBuildFile; fileRef = A18DBA9D2BBCCE2E00AE2C94 /* GameState.swift */; };
		A18DBAA02BBCCE6800AE2C94 /* Constants.swift in Sources */ = {isa = PBXBuildFile; fileRef = A18DBA9F2BBCCE6800AE2C94 /* Constants.swift */; };
		A18DBAA22BBCCEB700AE2C94 /* GameManagerFactory.swift in Sources */ = {isa = PBXBuildFile; fileRef = A18DBAA12BBCCEB700AE2C94 /* GameManagerFactory.swift */; };
		A18DBAA42BBCCFC700AE2C94 /* BoardVisualizer.swift in Sources */ = {isa = PBXBuildFile; fileRef = A18DBAA32BBCCFC700AE2C94 /* BoardVisualizer.swift */; };
		A18DBAA62BBCCFDD00AE2C94 /* BoardVisualizing.swift in Sources */ = {isa = PBXBuildFile; fileRef = A18DBAA52BBCCFDD00AE2C94 /* BoardVisualizing.swift */; };
		A18DBAA82BBE414F00AE2C94 /* CGRect.swift in Sources */ = {isa = PBXBuildFile; fileRef = A18DBAA72BBE414F00AE2C94 /* CGRect.swift */; };
		A18DBAAC2BBF53B200AE2C94 /* LayerPositions.swift in Sources */ = {isa = PBXBuildFile; fileRef = A18DBAAB2BBF53B200AE2C94 /* LayerPositions.swift */; };
		A18DBAAF2BBF575700AE2C94 /* SKButton.swift in Sources */ = {isa = PBXBuildFile; fileRef = A18DBAAE2BBF575700AE2C94 /* SKButton.swift */; };
		A18DBAB12BBF5EC800AE2C94 /* DebugUI.swift in Sources */ = {isa = PBXBuildFile; fileRef = A18DBAB02BBF5EC800AE2C94 /* DebugUI.swift */; };
/* End PBXBuildFile section */

/* Begin PBXFileReference section */
		A114E0572BBB6F2C00DEA716 /* Silme.swift */ = {isa = PBXFileReference; lastKnownFileType = sourcecode.swift; path = Silme.swift; sourceTree = "<group>"; };
		A114E05A2BBB70C100DEA716 /* DirectionalMovement.swift */ = {isa = PBXFileReference; lastKnownFileType = sourcecode.swift; path = DirectionalMovement.swift; sourceTree = "<group>"; };
		A114E05C2BBB9EE800DEA716 /* GameManager.swift */ = {isa = PBXFileReference; lastKnownFileType = sourcecode.swift; path = GameManager.swift; sourceTree = "<group>"; };
		A114E0602BBBA58100DEA716 /* Logger.swift */ = {isa = PBXFileReference; lastKnownFileType = sourcecode.swift; path = Logger.swift; sourceTree = "<group>"; };
		A134E8C12BB283C20027EB09 /* BarrelGameSwiftUI.app */ = {isa = PBXFileReference; explicitFileType = wrapper.application; includeInIndex = 0; path = BarrelGameSwiftUI.app; sourceTree = BUILT_PRODUCTS_DIR; };
		A134E8C42BB283C20027EB09 /* BarrelGameApp.swift */ = {isa = PBXFileReference; lastKnownFileType = sourcecode.swift; path = BarrelGameApp.swift; sourceTree = "<group>"; };
		A134E8C62BB283C20027EB09 /* ContentView.swift */ = {isa = PBXFileReference; lastKnownFileType = sourcecode.swift; path = ContentView.swift; sourceTree = "<group>"; };
		A134E8C82BB283C30027EB09 /* Assets.xcassets */ = {isa = PBXFileReference; lastKnownFileType = folder.assetcatalog; path = Assets.xcassets; sourceTree = "<group>"; };
		A134E8CB2BB283C30027EB09 /* Preview Assets.xcassets */ = {isa = PBXFileReference; lastKnownFileType = folder.assetcatalog; path = "Preview Assets.xcassets"; sourceTree = "<group>"; };
		A134E8D62BB29EA60027EB09 /* Board.swift */ = {isa = PBXFileReference; lastKnownFileType = sourcecode.swift; path = Board.swift; sourceTree = "<group>"; };
		A134E8D82BB780DD0027EB09 /* Tile.swift */ = {isa = PBXFileReference; lastKnownFileType = sourcecode.swift; path = Tile.swift; sourceTree = "<group>"; };
		A14C5EEC2BB8D368007C39F4 /* BoardError.swift */ = {isa = PBXFileReference; lastKnownFileType = sourcecode.swift; path = BoardError.swift; sourceTree = "<group>"; };
		A14C5EEE2BB90729007C39F4 /* SlimeGameScene.swift */ = {isa = PBXFileReference; lastKnownFileType = sourcecode.swift; path = SlimeGameScene.swift; sourceTree = "<group>"; };
		A14C5EF12BB916A5007C39F4 /* SKSpriteNode.swift */ = {isa = PBXFileReference; lastKnownFileType = sourcecode.swift; path = SKSpriteNode.swift; sourceTree = "<group>"; };
		A18DBA9D2BBCCE2E00AE2C94 /* GameState.swift */ = {isa = PBXFileReference; lastKnownFileType = sourcecode.swift; path = GameState.swift; sourceTree = "<group>"; };
		A18DBA9F2BBCCE6800AE2C94 /* Constants.swift */ = {isa = PBXFileReference; lastKnownFileType = sourcecode.swift; path = Constants.swift; sourceTree = "<group>"; };
		A18DBAA12BBCCEB700AE2C94 /* GameManagerFactory.swift */ = {isa = PBXFileReference; lastKnownFileType = sourcecode.swift; path = GameManagerFactory.swift; sourceTree = "<group>"; };
		A18DBAA32BBCCFC700AE2C94 /* BoardVisualizer.swift */ = {isa = PBXFileReference; lastKnownFileType = sourcecode.swift; path = BoardVisualizer.swift; sourceTree = "<group>"; };
		A18DBAA52BBCCFDD00AE2C94 /* BoardVisualizing.swift */ = {isa = PBXFileReference; lastKnownFileType = sourcecode.swift; path = BoardVisualizing.swift; sourceTree = "<group>"; };
		A18DBAA72BBE414F00AE2C94 /* CGRect.swift */ = {isa = PBXFileReference; lastKnownFileType = sourcecode.swift; path = CGRect.swift; sourceTree = "<group>"; };
		A18DBAAB2BBF53B200AE2C94 /* LayerPositions.swift */ = {isa = PBXFileReference; lastKnownFileType = sourcecode.swift; path = LayerPositions.swift; sourceTree = "<group>"; };
		A18DBAAE2BBF575700AE2C94 /* SKButton.swift */ = {isa = PBXFileReference; lastKnownFileType = sourcecode.swift; path = SKButton.swift; sourceTree = "<group>"; };
		A18DBAB02BBF5EC800AE2C94 /* DebugUI.swift */ = {isa = PBXFileReference; lastKnownFileType = sourcecode.swift; path = DebugUI.swift; sourceTree = "<group>"; };
/* End PBXFileReference section */

/* Begin PBXFrameworksBuildPhase section */
		A134E8BE2BB283C20027EB09 /* Frameworks */ = {
			isa = PBXFrameworksBuildPhase;
			buildActionMask = 2147483647;
			files = (
			);
			runOnlyForDeploymentPostprocessing = 0;
		};
/* End PBXFrameworksBuildPhase section */

/* Begin PBXGroup section */
		A114E0592BBB700500DEA716 /* Protocols */ = {
			isa = PBXGroup;
			children = (
				A114E05A2BBB70C100DEA716 /* DirectionalMovement.swift */,
				A18DBAA52BBCCFDD00AE2C94 /* BoardVisualizing.swift */,
			);
			path = Protocols;
			sourceTree = "<group>";
		};
		A114E05E2BBB9F4200DEA716 /* Board */ = {
			isa = PBXGroup;
			children = (
				A18DBAA32BBCCFC700AE2C94 /* BoardVisualizer.swift */,
				A134E8D62BB29EA60027EB09 /* Board.swift */,
				A14C5EEC2BB8D368007C39F4 /* BoardError.swift */,
				A134E8D82BB780DD0027EB09 /* Tile.swift */,
			);
			path = Board;
			sourceTree = "<group>";
		};
		A114E05F2BBBA55900DEA716 /* Services */ = {
			isa = PBXGroup;
			children = (
				A114E0602BBBA58100DEA716 /* Logger.swift */,
			);
			path = Services;
			sourceTree = "<group>";
		};
		A134E8B82BB283C20027EB09 = {
			isa = PBXGroup;
			children = (
				A134E8C32BB283C20027EB09 /* BarrelGameSwiftUI */,
				A134E8C22BB283C20027EB09 /* Products */,
			);
			sourceTree = "<group>";
		};
		A134E8C22BB283C20027EB09 /* Products */ = {
			isa = PBXGroup;
			children = (
				A134E8C12BB283C20027EB09 /* BarrelGameSwiftUI.app */,
			);
			name = Products;
			sourceTree = "<group>";
		};
		A134E8C32BB283C20027EB09 /* BarrelGameSwiftUI */ = {
			isa = PBXGroup;
			children = (
				A18DBAAD2BBF574900AE2C94 /* Components */,
				A18DBAAA2BBF537500AE2C94 /* Config */,
				A18DBAA92BBF535800AE2C94 /* GameScene */,
				A18DBA9C2BBCCE1800AE2C94 /* GameManager */,
				A114E05F2BBBA55900DEA716 /* Services */,
				A114E0592BBB700500DEA716 /* Protocols */,
				A14C5EF02BB91696007C39F4 /* Extensions */,
				A114E05E2BBB9F4200DEA716 /* Board */,
				A134E8C62BB283C20027EB09 /* ContentView.swift */,
			);
			path = BarrelGameSwiftUI;
			sourceTree = "<group>";
		};
		A134E8CA2BB283C30027EB09 /* Preview Content */ = {
			isa = PBXGroup;
			children = (
				A134E8CB2BB283C30027EB09 /* Preview Assets.xcassets */,
			);
			path = "Preview Content";
			sourceTree = "<group>";
		};
		A14C5EF02BB91696007C39F4 /* Extensions */ = {
			isa = PBXGroup;
			children = (
				A14C5EF12BB916A5007C39F4 /* SKSpriteNode.swift */,
				A18DBAA72BBE414F00AE2C94 /* CGRect.swift */,
			);
			path = Extensions;
			sourceTree = "<group>";
		};
		A18DBA9C2BBCCE1800AE2C94 /* GameManager */ = {
			isa = PBXGroup;
			children = (
				A18DBA9D2BBCCE2E00AE2C94 /* GameState.swift */,
				A18DBAA12BBCCEB700AE2C94 /* GameManagerFactory.swift */,
				A114E05C2BBB9EE800DEA716 /* GameManager.swift */,
			);
			path = GameManager;
			sourceTree = "<group>";
		};
		A18DBAA92BBF535800AE2C94 /* GameScene */ = {
			isa = PBXGroup;
			children = (
				A114E0572BBB6F2C00DEA716 /* Silme.swift */,
				A14C5EEE2BB90729007C39F4 /* SlimeGameScene.swift */,
				A18DBAAB2BBF53B200AE2C94 /* LayerPositions.swift */,
				A18DBAB02BBF5EC800AE2C94 /* DebugUI.swift */,
			);
			path = GameScene;
			sourceTree = "<group>";
		};
		A18DBAAA2BBF537500AE2C94 /* Config */ = {
			isa = PBXGroup;
			children = (
				A18DBA9F2BBCCE6800AE2C94 /* Constants.swift */,
				A134E8C42BB283C20027EB09 /* BarrelGameApp.swift */,
				A134E8C82BB283C30027EB09 /* Assets.xcassets */,
				A134E8CA2BB283C30027EB09 /* Preview Content */,
			);
			path = Config;
			sourceTree = "<group>";
		};
		A18DBAAD2BBF574900AE2C94 /* Components */ = {
			isa = PBXGroup;
			children = (
				A18DBAAE2BBF575700AE2C94 /* SKButton.swift */,
			);
			path = Components;
			sourceTree = "<group>";
		};
/* End PBXGroup section */

/* Begin PBXNativeTarget section */
		A134E8C02BB283C20027EB09 /* BarrelGameSwiftUI */ = {
			isa = PBXNativeTarget;
			buildConfigurationList = A134E8CF2BB283C30027EB09 /* Build configuration list for PBXNativeTarget "BarrelGameSwiftUI" */;
			buildPhases = (
				A134E8BD2BB283C20027EB09 /* Sources */,
				A134E8BE2BB283C20027EB09 /* Frameworks */,
				A134E8BF2BB283C20027EB09 /* Resources */,
			);
			buildRules = (
			);
			dependencies = (
			);
			name = BarrelGameSwiftUI;
			productName = BarrelGameSwiftUI;
			productReference = A134E8C12BB283C20027EB09 /* BarrelGameSwiftUI.app */;
			productType = "com.apple.product-type.application";
		};
/* End PBXNativeTarget section */

/* Begin PBXProject section */
		A134E8B92BB283C20027EB09 /* Project object */ = {
			isa = PBXProject;
			attributes = {
				BuildIndependentTargetsInParallel = 1;
				LastSwiftUpdateCheck = 1530;
				LastUpgradeCheck = 1530;
				TargetAttributes = {
					A134E8C02BB283C20027EB09 = {
						CreatedOnToolsVersion = 15.3;
					};
				};
			};
			buildConfigurationList = A134E8BC2BB283C20027EB09 /* Build configuration list for PBXProject "BarrelGameSwiftUI" */;
			compatibilityVersion = "Xcode 14.0";
			developmentRegion = en;
			hasScannedForEncodings = 0;
			knownRegions = (
				en,
				Base,
			);
			mainGroup = A134E8B82BB283C20027EB09;
			productRefGroup = A134E8C22BB283C20027EB09 /* Products */;
			projectDirPath = "";
			projectRoot = "";
			targets = (
				A134E8C02BB283C20027EB09 /* BarrelGameSwiftUI */,
			);
		};
/* End PBXProject section */

/* Begin PBXResourcesBuildPhase section */
		A134E8BF2BB283C20027EB09 /* Resources */ = {
			isa = PBXResourcesBuildPhase;
			buildActionMask = 2147483647;
			files = (
				A134E8CC2BB283C30027EB09 /* Preview Assets.xcassets in Resources */,
				A134E8C92BB283C30027EB09 /* Assets.xcassets in Resources */,
			);
			runOnlyForDeploymentPostprocessing = 0;
		};
/* End PBXResourcesBuildPhase section */

/* Begin PBXSourcesBuildPhase section */
		A134E8BD2BB283C20027EB09 /* Sources */ = {
			isa = PBXSourcesBuildPhase;
			buildActionMask = 2147483647;
			files = (
				A14C5EF22BB916A5007C39F4 /* SKSpriteNode.swift in Sources */,
				A114E0612BBBA58100DEA716 /* Logger.swift in Sources */,
				A14C5EEF2BB90729007C39F4 /* SlimeGameScene.swift in Sources */,
				A114E05D2BBB9EE800DEA716 /* GameManager.swift in Sources */,
				A18DBAA22BBCCEB700AE2C94 /* GameManagerFactory.swift in Sources */,
				A18DBAA42BBCCFC700AE2C94 /* BoardVisualizer.swift in Sources */,
				A18DBAAC2BBF53B200AE2C94 /* LayerPositions.swift in Sources */,
				A18DBAAF2BBF575700AE2C94 /* SKButton.swift in Sources */,
				A14C5EED2BB8D368007C39F4 /* BoardError.swift in Sources */,
				A18DBAB12BBF5EC800AE2C94 /* DebugUI.swift in Sources */,
				A114E0582BBB6F2C00DEA716 /* Silme.swift in Sources */,
				A114E05B2BBB70C100DEA716 /* DirectionalMovement.swift in Sources */,
				A18DBAA02BBCCE6800AE2C94 /* Constants.swift in Sources */,
				A134E8C72BB283C20027EB09 /* ContentView.swift in Sources */,
				A134E8D72BB29EA60027EB09 /* Board.swift in Sources */,
				A18DBA9E2BBCCE2E00AE2C94 /* GameState.swift in Sources */,
				A18DBAA62BBCCFDD00AE2C94 /* BoardVisualizing.swift in Sources */,
				A134E8D92BB780DD0027EB09 /* Tile.swift in Sources */,
				A18DBAA82BBE414F00AE2C94 /* CGRect.swift in Sources */,
				A134E8C52BB283C20027EB09 /* BarrelGameApp.swift in Sources */,
			);
			runOnlyForDeploymentPostprocessing = 0;
		};
/* End PBXSourcesBuildPhase section */

/* Begin XCBuildConfiguration section */
		A134E8CD2BB283C30027EB09 /* Debug */ = {
			isa = XCBuildConfiguration;
			buildSettings = {
				ALWAYS_SEARCH_USER_PATHS = NO;
				ASSETCATALOG_COMPILER_GENERATE_SWIFT_ASSET_SYMBOL_EXTENSIONS = YES;
				CLANG_ANALYZER_NONNULL = YES;
				CLANG_ANALYZER_NUMBER_OBJECT_CONVERSION = YES_AGGRESSIVE;
				CLANG_CXX_LANGUAGE_STANDARD = "gnu++20";
				CLANG_ENABLE_MODULES = YES;
				CLANG_ENABLE_OBJC_ARC = YES;
				CLANG_ENABLE_OBJC_WEAK = YES;
				CLANG_WARN_BLOCK_CAPTURE_AUTORELEASING = YES;
				CLANG_WARN_BOOL_CONVERSION = YES;
				CLANG_WARN_COMMA = YES;
				CLANG_WARN_CONSTANT_CONVERSION = YES;
				CLANG_WARN_DEPRECATED_OBJC_IMPLEMENTATIONS = YES;
				CLANG_WARN_DIRECT_OBJC_ISA_USAGE = YES_ERROR;
				CLANG_WARN_DOCUMENTATION_COMMENTS = YES;
				CLANG_WARN_EMPTY_BODY = YES;
				CLANG_WARN_ENUM_CONVERSION = YES;
				CLANG_WARN_INFINITE_RECURSION = YES;
				CLANG_WARN_INT_CONVERSION = YES;
				CLANG_WARN_NON_LITERAL_NULL_CONVERSION = YES;
				CLANG_WARN_OBJC_IMPLICIT_RETAIN_SELF = YES;
				CLANG_WARN_OBJC_LITERAL_CONVERSION = YES;
				CLANG_WARN_OBJC_ROOT_CLASS = YES_ERROR;
				CLANG_WARN_QUOTED_INCLUDE_IN_FRAMEWORK_HEADER = YES;
				CLANG_WARN_RANGE_LOOP_ANALYSIS = YES;
				CLANG_WARN_STRICT_PROTOTYPES = YES;
				CLANG_WARN_SUSPICIOUS_MOVE = YES;
				CLANG_WARN_UNGUARDED_AVAILABILITY = YES_AGGRESSIVE;
				CLANG_WARN_UNREACHABLE_CODE = YES;
				CLANG_WARN__DUPLICATE_METHOD_MATCH = YES;
				COPY_PHASE_STRIP = NO;
				DEBUG_INFORMATION_FORMAT = dwarf;
				ENABLE_STRICT_OBJC_MSGSEND = YES;
				ENABLE_TESTABILITY = YES;
				ENABLE_USER_SCRIPT_SANDBOXING = YES;
				GCC_C_LANGUAGE_STANDARD = gnu17;
				GCC_DYNAMIC_NO_PIC = NO;
				GCC_NO_COMMON_BLOCKS = YES;
				GCC_OPTIMIZATION_LEVEL = 0;
				GCC_PREPROCESSOR_DEFINITIONS = (
					"DEBUG=1",
					"$(inherited)",
				);
				GCC_WARN_64_TO_32_BIT_CONVERSION = YES;
				GCC_WARN_ABOUT_RETURN_TYPE = YES_ERROR;
				GCC_WARN_UNDECLARED_SELECTOR = YES;
				GCC_WARN_UNINITIALIZED_AUTOS = YES_AGGRESSIVE;
				GCC_WARN_UNUSED_FUNCTION = YES;
				GCC_WARN_UNUSED_VARIABLE = YES;
				IPHONEOS_DEPLOYMENT_TARGET = 17.4;
				LOCALIZATION_PREFERS_STRING_CATALOGS = YES;
				MTL_ENABLE_DEBUG_INFO = INCLUDE_SOURCE;
				MTL_FAST_MATH = YES;
				ONLY_ACTIVE_ARCH = YES;
				SDKROOT = iphoneos;
				SWIFT_ACTIVE_COMPILATION_CONDITIONS = "DEBUG $(inherited)";
				SWIFT_OPTIMIZATION_LEVEL = "-Onone";
			};
			name = Debug;
		};
		A134E8CE2BB283C30027EB09 /* Release */ = {
			isa = XCBuildConfiguration;
			buildSettings = {
				ALWAYS_SEARCH_USER_PATHS = NO;
				ASSETCATALOG_COMPILER_GENERATE_SWIFT_ASSET_SYMBOL_EXTENSIONS = YES;
				CLANG_ANALYZER_NONNULL = YES;
				CLANG_ANALYZER_NUMBER_OBJECT_CONVERSION = YES_AGGRESSIVE;
				CLANG_CXX_LANGUAGE_STANDARD = "gnu++20";
				CLANG_ENABLE_MODULES = YES;
				CLANG_ENABLE_OBJC_ARC = YES;
				CLANG_ENABLE_OBJC_WEAK = YES;
				CLANG_WARN_BLOCK_CAPTURE_AUTORELEASING = YES;
				CLANG_WARN_BOOL_CONVERSION = YES;
				CLANG_WARN_COMMA = YES;
				CLANG_WARN_CONSTANT_CONVERSION = YES;
				CLANG_WARN_DEPRECATED_OBJC_IMPLEMENTATIONS = YES;
				CLANG_WARN_DIRECT_OBJC_ISA_USAGE = YES_ERROR;
				CLANG_WARN_DOCUMENTATION_COMMENTS = YES;
				CLANG_WARN_EMPTY_BODY = YES;
				CLANG_WARN_ENUM_CONVERSION = YES;
				CLANG_WARN_INFINITE_RECURSION = YES;
				CLANG_WARN_INT_CONVERSION = YES;
				CLANG_WARN_NON_LITERAL_NULL_CONVERSION = YES;
				CLANG_WARN_OBJC_IMPLICIT_RETAIN_SELF = YES;
				CLANG_WARN_OBJC_LITERAL_CONVERSION = YES;
				CLANG_WARN_OBJC_ROOT_CLASS = YES_ERROR;
				CLANG_WARN_QUOTED_INCLUDE_IN_FRAMEWORK_HEADER = YES;
				CLANG_WARN_RANGE_LOOP_ANALYSIS = YES;
				CLANG_WARN_STRICT_PROTOTYPES = YES;
				CLANG_WARN_SUSPICIOUS_MOVE = YES;
				CLANG_WARN_UNGUARDED_AVAILABILITY = YES_AGGRESSIVE;
				CLANG_WARN_UNREACHABLE_CODE = YES;
				CLANG_WARN__DUPLICATE_METHOD_MATCH = YES;
				COPY_PHASE_STRIP = NO;
				DEBUG_INFORMATION_FORMAT = "dwarf-with-dsym";
				ENABLE_NS_ASSERTIONS = NO;
				ENABLE_STRICT_OBJC_MSGSEND = YES;
				ENABLE_USER_SCRIPT_SANDBOXING = YES;
				GCC_C_LANGUAGE_STANDARD = gnu17;
				GCC_NO_COMMON_BLOCKS = YES;
				GCC_WARN_64_TO_32_BIT_CONVERSION = YES;
				GCC_WARN_ABOUT_RETURN_TYPE = YES_ERROR;
				GCC_WARN_UNDECLARED_SELECTOR = YES;
				GCC_WARN_UNINITIALIZED_AUTOS = YES_AGGRESSIVE;
				GCC_WARN_UNUSED_FUNCTION = YES;
				GCC_WARN_UNUSED_VARIABLE = YES;
				IPHONEOS_DEPLOYMENT_TARGET = 17.4;
				LOCALIZATION_PREFERS_STRING_CATALOGS = YES;
				MTL_ENABLE_DEBUG_INFO = NO;
				MTL_FAST_MATH = YES;
				SDKROOT = iphoneos;
				SWIFT_COMPILATION_MODE = wholemodule;
				VALIDATE_PRODUCT = YES;
			};
			name = Release;
		};
		A134E8D02BB283C30027EB09 /* Debug */ = {
			isa = XCBuildConfiguration;
			buildSettings = {
				ASSETCATALOG_COMPILER_APPICON_NAME = AppIcon;
				ASSETCATALOG_COMPILER_GLOBAL_ACCENT_COLOR_NAME = AccentColor;
				CODE_SIGN_STYLE = Automatic;
				CURRENT_PROJECT_VERSION = 1;
				DEVELOPMENT_ASSET_PATHS = "\"BarrelGameSwiftUI/Config/Preview Content\"";
				DEVELOPMENT_TEAM = DCLHR77W8M;
				ENABLE_PREVIEWS = YES;
				GENERATE_INFOPLIST_FILE = YES;
				INFOPLIST_KEY_UIApplicationSceneManifest_Generation = YES;
				INFOPLIST_KEY_UIApplicationSupportsIndirectInputEvents = YES;
				INFOPLIST_KEY_UILaunchScreen_Generation = YES;
				INFOPLIST_KEY_UISupportedInterfaceOrientations_iPad = "UIInterfaceOrientationPortrait UIInterfaceOrientationPortraitUpsideDown UIInterfaceOrientationLandscapeLeft UIInterfaceOrientationLandscapeRight";
				INFOPLIST_KEY_UISupportedInterfaceOrientations_iPhone = "UIInterfaceOrientationPortrait UIInterfaceOrientationLandscapeLeft UIInterfaceOrientationLandscapeRight";
				IPHONEOS_DEPLOYMENT_TARGET = 17.0;
				LD_RUNPATH_SEARCH_PATHS = (
					"$(inherited)",
					"@executable_path/Frameworks",
				);
				MARKETING_VERSION = 0.1;
				PRODUCT_BUNDLE_IDENTIFIER = zacheryowagner.BarrelGameSwiftUI;
				PRODUCT_NAME = "$(TARGET_NAME)";
				SWIFT_EMIT_LOC_STRINGS = YES;
				SWIFT_VERSION = 5.0;
				TARGETED_DEVICE_FAMILY = "1,2";
			};
			name = Debug;
		};
		A134E8D12BB283C30027EB09 /* Release */ = {
			isa = XCBuildConfiguration;
			buildSettings = {
				ASSETCATALOG_COMPILER_APPICON_NAME = AppIcon;
				ASSETCATALOG_COMPILER_GLOBAL_ACCENT_COLOR_NAME = AccentColor;
				CODE_SIGN_STYLE = Automatic;
				CURRENT_PROJECT_VERSION = 1;
				DEVELOPMENT_ASSET_PATHS = "\"BarrelGameSwiftUI/Config/Preview Content\"";
				DEVELOPMENT_TEAM = DCLHR77W8M;
				ENABLE_PREVIEWS = YES;
				GENERATE_INFOPLIST_FILE = YES;
				INFOPLIST_KEY_UIApplicationSceneManifest_Generation = YES;
				INFOPLIST_KEY_UIApplicationSupportsIndirectInputEvents = YES;
				INFOPLIST_KEY_UILaunchScreen_Generation = YES;
				INFOPLIST_KEY_UISupportedInterfaceOrientations_iPad = "UIInterfaceOrientationPortrait UIInterfaceOrientationPortraitUpsideDown UIInterfaceOrientationLandscapeLeft UIInterfaceOrientationLandscapeRight";
				INFOPLIST_KEY_UISupportedInterfaceOrientations_iPhone = "UIInterfaceOrientationPortrait UIInterfaceOrientationLandscapeLeft UIInterfaceOrientationLandscapeRight";
				IPHONEOS_DEPLOYMENT_TARGET = 17.0;
				LD_RUNPATH_SEARCH_PATHS = (
					"$(inherited)",
					"@executable_path/Frameworks",
				);
				MARKETING_VERSION = 0.1;
				PRODUCT_BUNDLE_IDENTIFIER = zacheryowagner.BarrelGameSwiftUI;
				PRODUCT_NAME = "$(TARGET_NAME)";
				SWIFT_EMIT_LOC_STRINGS = YES;
				SWIFT_VERSION = 5.0;
				TARGETED_DEVICE_FAMILY = "1,2";
			};
			name = Release;
		};
/* End XCBuildConfiguration section */

/* Begin XCConfigurationList section */
		A134E8BC2BB283C20027EB09 /* Build configuration list for PBXProject "BarrelGameSwiftUI" */ = {
			isa = XCConfigurationList;
			buildConfigurations = (
				A134E8CD2BB283C30027EB09 /* Debug */,
				A134E8CE2BB283C30027EB09 /* Release */,
			);
			defaultConfigurationIsVisible = 0;
			defaultConfigurationName = Release;
		};
		A134E8CF2BB283C30027EB09 /* Build configuration list for PBXNativeTarget "BarrelGameSwiftUI" */ = {
			isa = XCConfigurationList;
			buildConfigurations = (
				A134E8D02BB283C30027EB09 /* Debug */,
				A134E8D12BB283C30027EB09 /* Release */,
			);
			defaultConfigurationIsVisible = 0;
			defaultConfigurationName = Release;
		};
/* End XCConfigurationList section */
	};
	rootObject = A134E8B92BB283C20027EB09 /* Project object */;
}
